// !$*UTF8*$!
{
	archiveVersion = 1;
	classes = {
	};
	objectVersion = 56;
	objects = {

/* Begin PBXBuildFile section */
		6308CD4F2BD26D7100B08643 /* BookManagementSystemApp.swift in Sources */ = {isa = PBXBuildFile; fileRef = 6308CD4E2BD26D7100B08643 /* BookManagementSystemApp.swift */; };
		6308CD512BD26D7100B08643 /* ContentView.swift in Sources */ = {isa = PBXBuildFile; fileRef = 6308CD502BD26D7100B08643 /* ContentView.swift */; };
		6308CD532BD26D7300B08643 /* Assets.xcassets in Resources */ = {isa = PBXBuildFile; fileRef = 6308CD522BD26D7300B08643 /* Assets.xcassets */; };
		6308CD562BD26D7300B08643 /* Preview Assets.xcassets in Resources */ = {isa = PBXBuildFile; fileRef = 6308CD552BD26D7300B08643 /* Preview Assets.xcassets */; };
		6308CD602BD26D7400B08643 /* BookManagementSystemTests.swift in Sources */ = {isa = PBXBuildFile; fileRef = 6308CD5F2BD26D7400B08643 /* BookManagementSystemTests.swift */; };
		6308CD6A2BD26D7400B08643 /* BookManagementSystemUITests.swift in Sources */ = {isa = PBXBuildFile; fileRef = 6308CD692BD26D7400B08643 /* BookManagementSystemUITests.swift */; };
		6308CD6C2BD26D7400B08643 /* BookManagementSystemUITestsLaunchTests.swift in Sources */ = {isa = PBXBuildFile; fileRef = 6308CD6B2BD26D7400B08643 /* BookManagementSystemUITestsLaunchTests.swift */; };
		6308CD7C2BD27B5200B08643 /* MainView.swift in Sources */ = {isa = PBXBuildFile; fileRef = 6308CD7B2BD27B5200B08643 /* MainView.swift */; };
		6308CD7E2BD27B8100B08643 /* MeView.swift in Sources */ = {isa = PBXBuildFile; fileRef = 6308CD7D2BD27B8100B08643 /* MeView.swift */; };
		6308CD802BD2901E00B08643 /* Book.swift in Sources */ = {isa = PBXBuildFile; fileRef = 6308CD7F2BD2901E00B08643 /* Book.swift */; };
		6308CD832BD2937D00B08643 /* BookListView.swift in Sources */ = {isa = PBXBuildFile; fileRef = 6308CD822BD2937D00B08643 /* BookListView.swift */; };
		6308CD852BD3A2C400B08643 /* BookListViewModel.swift in Sources */ = {isa = PBXBuildFile; fileRef = 6308CD842BD3A2C400B08643 /* BookListViewModel.swift */; };
		6308CD862BD3A2C400B08643 /* BookListViewModel.swift in Sources */ = {isa = PBXBuildFile; fileRef = 6308CD842BD3A2C400B08643 /* BookListViewModel.swift */; };
		6308CD882BD3A34A00B08643 /* BookService.swift in Sources */ = {isa = PBXBuildFile; fileRef = 6308CD872BD3A34A00B08643 /* BookService.swift */; };
		6308CD892BD3A34A00B08643 /* BookService.swift in Sources */ = {isa = PBXBuildFile; fileRef = 6308CD872BD3A34A00B08643 /* BookService.swift */; };
		6308CD8B2BD3A95600B08643 /* BookListRow.swift in Sources */ = {isa = PBXBuildFile; fileRef = 6308CD8A2BD3A95600B08643 /* BookListRow.swift */; };
		6308CD8E2BD3A98F00B08643 /* BookListRowViewModel.swift in Sources */ = {isa = PBXBuildFile; fileRef = 6308CD8D2BD3A98F00B08643 /* BookListRowViewModel.swift */; };
		6308CD8F2BD3A98F00B08643 /* BookListRowViewModel.swift in Sources */ = {isa = PBXBuildFile; fileRef = 6308CD8D2BD3A98F00B08643 /* BookListRowViewModel.swift */; };
		6308CD952BD3C56300B08643 /* EditBookView.swift in Sources */ = {isa = PBXBuildFile; fileRef = 6308CD942BD3C56300B08643 /* EditBookView.swift */; };
		6308CD962BD3C56300B08643 /* EditBookView.swift in Sources */ = {isa = PBXBuildFile; fileRef = 6308CD942BD3C56300B08643 /* EditBookView.swift */; };
		6308CD982BD3CB0A00B08643 /* EditBookViewModel.swift in Sources */ = {isa = PBXBuildFile; fileRef = 6308CD972BD3CB0A00B08643 /* EditBookViewModel.swift */; };
		6308CD992BD3CB0A00B08643 /* EditBookViewModel.swift in Sources */ = {isa = PBXBuildFile; fileRef = 6308CD972BD3CB0A00B08643 /* EditBookViewModel.swift */; };
		6308CDA12BD3D71500B08643 /* CreateBookViewModel.swift in Sources */ = {isa = PBXBuildFile; fileRef = 6308CDA02BD3D71500B08643 /* CreateBookViewModel.swift */; };
		6308CDA32BD3D74000B08643 /* CreateBookView.swift in Sources */ = {isa = PBXBuildFile; fileRef = 6308CDA22BD3D74000B08643 /* CreateBookView.swift */; };
		6308CDAB2BD8C93700B08643 /* NetworkManager.swift in Sources */ = {isa = PBXBuildFile; fileRef = 6308CDAA2BD8C93700B08643 /* NetworkManager.swift */; };
		63AF57AB2BD8FE500029082C /* DevelopingView.swift in Sources */ = {isa = PBXBuildFile; fileRef = 63AF57AA2BD8FE500029082C /* DevelopingView.swift */; };
		63EFFC182BDB3EB000833EAD /* DevelopingViewModel.swift in Sources */ = {isa = PBXBuildFile; fileRef = 63EFFC172BDB3EB000833EAD /* DevelopingViewModel.swift */; };
/* End PBXBuildFile section */

/* Begin PBXContainerItemProxy section */
		6308CD5C2BD26D7400B08643 /* PBXContainerItemProxy */ = {
			isa = PBXContainerItemProxy;
			containerPortal = 6308CD432BD26D7100B08643 /* Project object */;
			proxyType = 1;
			remoteGlobalIDString = 6308CD4A2BD26D7100B08643;
			remoteInfo = BookManagementSystem;
		};
		6308CD662BD26D7400B08643 /* PBXContainerItemProxy */ = {
			isa = PBXContainerItemProxy;
			containerPortal = 6308CD432BD26D7100B08643 /* Project object */;
			proxyType = 1;
			remoteGlobalIDString = 6308CD4A2BD26D7100B08643;
			remoteInfo = BookManagementSystem;
		};
/* End PBXContainerItemProxy section */

/* Begin PBXFileReference section */
		6308CD4B2BD26D7100B08643 /* BookManagementSystem.app */ = {isa = PBXFileReference; explicitFileType = wrapper.application; includeInIndex = 0; path = BookManagementSystem.app; sourceTree = BUILT_PRODUCTS_DIR; };
		6308CD4E2BD26D7100B08643 /* BookManagementSystemApp.swift */ = {isa = PBXFileReference; lastKnownFileType = sourcecode.swift; path = BookManagementSystemApp.swift; sourceTree = "<group>"; };
		6308CD502BD26D7100B08643 /* ContentView.swift */ = {isa = PBXFileReference; lastKnownFileType = sourcecode.swift; path = ContentView.swift; sourceTree = "<group>"; };
		6308CD522BD26D7300B08643 /* Assets.xcassets */ = {isa = PBXFileReference; lastKnownFileType = folder.assetcatalog; path = Assets.xcassets; sourceTree = "<group>"; };
		6308CD552BD26D7300B08643 /* Preview Assets.xcassets */ = {isa = PBXFileReference; lastKnownFileType = folder.assetcatalog; path = "Preview Assets.xcassets"; sourceTree = "<group>"; };
		6308CD5B2BD26D7400B08643 /* BookManagementSystemTests.xctest */ = {isa = PBXFileReference; explicitFileType = wrapper.cfbundle; includeInIndex = 0; path = BookManagementSystemTests.xctest; sourceTree = BUILT_PRODUCTS_DIR; };
		6308CD5F2BD26D7400B08643 /* BookManagementSystemTests.swift */ = {isa = PBXFileReference; lastKnownFileType = sourcecode.swift; path = BookManagementSystemTests.swift; sourceTree = "<group>"; };
		6308CD652BD26D7400B08643 /* BookManagementSystemUITests.xctest */ = {isa = PBXFileReference; explicitFileType = wrapper.cfbundle; includeInIndex = 0; path = BookManagementSystemUITests.xctest; sourceTree = BUILT_PRODUCTS_DIR; };
		6308CD692BD26D7400B08643 /* BookManagementSystemUITests.swift */ = {isa = PBXFileReference; lastKnownFileType = sourcecode.swift; path = BookManagementSystemUITests.swift; sourceTree = "<group>"; };
		6308CD6B2BD26D7400B08643 /* BookManagementSystemUITestsLaunchTests.swift */ = {isa = PBXFileReference; lastKnownFileType = sourcecode.swift; path = BookManagementSystemUITestsLaunchTests.swift; sourceTree = "<group>"; };
		6308CD7B2BD27B5200B08643 /* MainView.swift */ = {isa = PBXFileReference; lastKnownFileType = sourcecode.swift; path = MainView.swift; sourceTree = "<group>"; };
		6308CD7D2BD27B8100B08643 /* MeView.swift */ = {isa = PBXFileReference; lastKnownFileType = sourcecode.swift; path = MeView.swift; sourceTree = "<group>"; };
		6308CD7F2BD2901E00B08643 /* Book.swift */ = {isa = PBXFileReference; lastKnownFileType = sourcecode.swift; path = Book.swift; sourceTree = "<group>"; };
		6308CD822BD2937D00B08643 /* BookListView.swift */ = {isa = PBXFileReference; lastKnownFileType = sourcecode.swift; path = BookListView.swift; sourceTree = "<group>"; };
		6308CD842BD3A2C400B08643 /* BookListViewModel.swift */ = {isa = PBXFileReference; lastKnownFileType = sourcecode.swift; path = BookListViewModel.swift; sourceTree = "<group>"; };
		6308CD872BD3A34A00B08643 /* BookService.swift */ = {isa = PBXFileReference; lastKnownFileType = sourcecode.swift; path = BookService.swift; sourceTree = "<group>"; };
		6308CD8A2BD3A95600B08643 /* BookListRow.swift */ = {isa = PBXFileReference; lastKnownFileType = sourcecode.swift; path = BookListRow.swift; sourceTree = "<group>"; };
		6308CD8D2BD3A98F00B08643 /* BookListRowViewModel.swift */ = {isa = PBXFileReference; lastKnownFileType = sourcecode.swift; path = BookListRowViewModel.swift; sourceTree = "<group>"; };
		6308CD942BD3C56300B08643 /* EditBookView.swift */ = {isa = PBXFileReference; lastKnownFileType = sourcecode.swift; path = EditBookView.swift; sourceTree = "<group>"; };
		6308CD972BD3CB0A00B08643 /* EditBookViewModel.swift */ = {isa = PBXFileReference; lastKnownFileType = sourcecode.swift; path = EditBookViewModel.swift; sourceTree = "<group>"; };
		6308CDA02BD3D71500B08643 /* CreateBookViewModel.swift */ = {isa = PBXFileReference; lastKnownFileType = sourcecode.swift; path = CreateBookViewModel.swift; sourceTree = "<group>"; };
		6308CDA22BD3D74000B08643 /* CreateBookView.swift */ = {isa = PBXFileReference; lastKnownFileType = sourcecode.swift; path = CreateBookView.swift; sourceTree = "<group>"; };
		6308CDAA2BD8C93700B08643 /* NetworkManager.swift */ = {isa = PBXFileReference; lastKnownFileType = sourcecode.swift; path = NetworkManager.swift; sourceTree = "<group>"; };
		63AF57AA2BD8FE500029082C /* DevelopingView.swift */ = {isa = PBXFileReference; lastKnownFileType = sourcecode.swift; path = DevelopingView.swift; sourceTree = "<group>"; };
		63EFFC172BDB3EB000833EAD /* DevelopingViewModel.swift */ = {isa = PBXFileReference; lastKnownFileType = sourcecode.swift; path = DevelopingViewModel.swift; sourceTree = "<group>"; };
/* End PBXFileReference section */

/* Begin PBXFrameworksBuildPhase section */
		6308CD482BD26D7100B08643 /* Frameworks */ = {
			isa = PBXFrameworksBuildPhase;
			buildActionMask = 2147483647;
			files = (
			);
			runOnlyForDeploymentPostprocessing = 0;
		};
		6308CD582BD26D7400B08643 /* Frameworks */ = {
			isa = PBXFrameworksBuildPhase;
			buildActionMask = 2147483647;
			files = (
			);
			runOnlyForDeploymentPostprocessing = 0;
		};
		6308CD622BD26D7400B08643 /* Frameworks */ = {
			isa = PBXFrameworksBuildPhase;
			buildActionMask = 2147483647;
			files = (
			);
			runOnlyForDeploymentPostprocessing = 0;
		};
/* End PBXFrameworksBuildPhase section */

/* Begin PBXGroup section */
		6308CD422BD26D7100B08643 = {
			isa = PBXGroup;
			children = (
				6308CD4D2BD26D7100B08643 /* BookManagementSystem */,
				6308CD5E2BD26D7400B08643 /* BookManagementSystemTests */,
				6308CD682BD26D7400B08643 /* BookManagementSystemUITests */,
				6308CD4C2BD26D7100B08643 /* Products */,
			);
			sourceTree = "<group>";
		};
		6308CD4C2BD26D7100B08643 /* Products */ = {
			isa = PBXGroup;
			children = (
				6308CD4B2BD26D7100B08643 /* BookManagementSystem.app */,
				6308CD5B2BD26D7400B08643 /* BookManagementSystemTests.xctest */,
				6308CD652BD26D7400B08643 /* BookManagementSystemUITests.xctest */,
			);
			name = Products;
			sourceTree = "<group>";
		};
		6308CD4D2BD26D7100B08643 /* BookManagementSystem */ = {
			isa = PBXGroup;
			children = (
				6308CDA92BD8C91000B08643 /* Network */,
				6308CD812BD2914300B08643 /* Models */,
				6308CD7A2BD27AA600B08643 /* Service */,
				6308CD792BD27A9000B08643 /* ViewModel */,
				6308CD782BD27A8300B08643 /* View */,
				6308CD4E2BD26D7100B08643 /* BookManagementSystemApp.swift */,
				6308CD522BD26D7300B08643 /* Assets.xcassets */,
				6308CD542BD26D7300B08643 /* Preview Content */,
			);
			path = BookManagementSystem;
			sourceTree = "<group>";
		};
		6308CD542BD26D7300B08643 /* Preview Content */ = {
			isa = PBXGroup;
			children = (
				6308CD552BD26D7300B08643 /* Preview Assets.xcassets */,
			);
			path = "Preview Content";
			sourceTree = "<group>";
		};
		6308CD5E2BD26D7400B08643 /* BookManagementSystemTests */ = {
			isa = PBXGroup;
			children = (
				6308CD5F2BD26D7400B08643 /* BookManagementSystemTests.swift */,
			);
			path = BookManagementSystemTests;
			sourceTree = "<group>";
		};
		6308CD682BD26D7400B08643 /* BookManagementSystemUITests */ = {
			isa = PBXGroup;
			children = (
				6308CD692BD26D7400B08643 /* BookManagementSystemUITests.swift */,
				6308CD6B2BD26D7400B08643 /* BookManagementSystemUITestsLaunchTests.swift */,
			);
			path = BookManagementSystemUITests;
			sourceTree = "<group>";
		};
		6308CD782BD27A8300B08643 /* View */ = {
			isa = PBXGroup;
			children = (
				6308CD502BD26D7100B08643 /* ContentView.swift */,
				6308CD7B2BD27B5200B08643 /* MainView.swift */,
				6308CD7D2BD27B8100B08643 /* MeView.swift */,
				6308CD822BD2937D00B08643 /* BookListView.swift */,
				6308CD8A2BD3A95600B08643 /* BookListRow.swift */,
				6308CD942BD3C56300B08643 /* EditBookView.swift */,
				6308CDA22BD3D74000B08643 /* CreateBookView.swift */,
				63AF57AA2BD8FE500029082C /* DevelopingView.swift */,
			);
			path = View;
			sourceTree = "<group>";
		};
		6308CD792BD27A9000B08643 /* ViewModel */ = {
			isa = PBXGroup;
			children = (
				6308CD842BD3A2C400B08643 /* BookListViewModel.swift */,
				6308CD8D2BD3A98F00B08643 /* BookListRowViewModel.swift */,
				6308CD972BD3CB0A00B08643 /* EditBookViewModel.swift */,
				6308CDA02BD3D71500B08643 /* CreateBookViewModel.swift */,
				63EFFC172BDB3EB000833EAD /* DevelopingViewModel.swift */,
			);
			path = ViewModel;
			sourceTree = "<group>";
		};
		6308CD7A2BD27AA600B08643 /* Service */ = {
			isa = PBXGroup;
			children = (
				6308CD872BD3A34A00B08643 /* BookService.swift */,
			);
			path = Service;
			sourceTree = "<group>";
		};
		6308CD812BD2914300B08643 /* Models */ = {
			isa = PBXGroup;
			children = (
				6308CD7F2BD2901E00B08643 /* Book.swift */,
			);
			path = Models;
			sourceTree = "<group>";
		};
		6308CDA92BD8C91000B08643 /* Network */ = {
			isa = PBXGroup;
			children = (
				6308CDAA2BD8C93700B08643 /* NetworkManager.swift */,
			);
			path = Network;
			sourceTree = "<group>";
		};
/* End PBXGroup section */

/* Begin PBXNativeTarget section */
		6308CD4A2BD26D7100B08643 /* BookManagementSystem */ = {
			isa = PBXNativeTarget;
			buildConfigurationList = 6308CD6F2BD26D7400B08643 /* Build configuration list for PBXNativeTarget "BookManagementSystem" */;
			buildPhases = (
				6308CD472BD26D7100B08643 /* Sources */,
				6308CD482BD26D7100B08643 /* Frameworks */,
				6308CD492BD26D7100B08643 /* Resources */,
			);
			buildRules = (
			);
			dependencies = (
			);
			name = BookManagementSystem;
			productName = BookManagementSystem;
			productReference = 6308CD4B2BD26D7100B08643 /* BookManagementSystem.app */;
			productType = "com.apple.product-type.application";
		};
		6308CD5A2BD26D7400B08643 /* BookManagementSystemTests */ = {
			isa = PBXNativeTarget;
			buildConfigurationList = 6308CD722BD26D7400B08643 /* Build configuration list for PBXNativeTarget "BookManagementSystemTests" */;
			buildPhases = (
				6308CD572BD26D7400B08643 /* Sources */,
				6308CD582BD26D7400B08643 /* Frameworks */,
				6308CD592BD26D7400B08643 /* Resources */,
			);
			buildRules = (
			);
			dependencies = (
				6308CD5D2BD26D7400B08643 /* PBXTargetDependency */,
			);
			name = BookManagementSystemTests;
			productName = BookManagementSystemTests;
			productReference = 6308CD5B2BD26D7400B08643 /* BookManagementSystemTests.xctest */;
			productType = "com.apple.product-type.bundle.unit-test";
		};
		6308CD642BD26D7400B08643 /* BookManagementSystemUITests */ = {
			isa = PBXNativeTarget;
			buildConfigurationList = 6308CD752BD26D7400B08643 /* Build configuration list for PBXNativeTarget "BookManagementSystemUITests" */;
			buildPhases = (
				6308CD612BD26D7400B08643 /* Sources */,
				6308CD622BD26D7400B08643 /* Frameworks */,
				6308CD632BD26D7400B08643 /* Resources */,
			);
			buildRules = (
			);
			dependencies = (
				6308CD672BD26D7400B08643 /* PBXTargetDependency */,
			);
			name = BookManagementSystemUITests;
			productName = BookManagementSystemUITests;
			productReference = 6308CD652BD26D7400B08643 /* BookManagementSystemUITests.xctest */;
			productType = "com.apple.product-type.bundle.ui-testing";
		};
/* End PBXNativeTarget section */

/* Begin PBXProject section */
		6308CD432BD26D7100B08643 /* Project object */ = {
			isa = PBXProject;
			attributes = {
				BuildIndependentTargetsInParallel = 1;
				LastSwiftUpdateCheck = 1500;
				LastUpgradeCheck = 1500;
				TargetAttributes = {
					6308CD4A2BD26D7100B08643 = {
						CreatedOnToolsVersion = 15.0.1;
					};
					6308CD5A2BD26D7400B08643 = {
						CreatedOnToolsVersion = 15.0.1;
						TestTargetID = 6308CD4A2BD26D7100B08643;
					};
					6308CD642BD26D7400B08643 = {
						CreatedOnToolsVersion = 15.0.1;
						TestTargetID = 6308CD4A2BD26D7100B08643;
					};
				};
			};
			buildConfigurationList = 6308CD462BD26D7100B08643 /* Build configuration list for PBXProject "BookManagementSystem" */;
			compatibilityVersion = "Xcode 14.0";
			developmentRegion = en;
			hasScannedForEncodings = 0;
			knownRegions = (
				en,
				Base,
			);
			mainGroup = 6308CD422BD26D7100B08643;
			productRefGroup = 6308CD4C2BD26D7100B08643 /* Products */;
			projectDirPath = "";
			projectRoot = "";
			targets = (
				6308CD4A2BD26D7100B08643 /* BookManagementSystem */,
				6308CD5A2BD26D7400B08643 /* BookManagementSystemTests */,
				6308CD642BD26D7400B08643 /* BookManagementSystemUITests */,
			);
		};
/* End PBXProject section */

/* Begin PBXResourcesBuildPhase section */
		6308CD492BD26D7100B08643 /* Resources */ = {
			isa = PBXResourcesBuildPhase;
			buildActionMask = 2147483647;
			files = (
				6308CD562BD26D7300B08643 /* Preview Assets.xcassets in Resources */,
				6308CD532BD26D7300B08643 /* Assets.xcassets in Resources */,
			);
			runOnlyForDeploymentPostprocessing = 0;
		};
		6308CD592BD26D7400B08643 /* Resources */ = {
			isa = PBXResourcesBuildPhase;
			buildActionMask = 2147483647;
			files = (
			);
			runOnlyForDeploymentPostprocessing = 0;
		};
		6308CD632BD26D7400B08643 /* Resources */ = {
			isa = PBXResourcesBuildPhase;
			buildActionMask = 2147483647;
			files = (
			);
			runOnlyForDeploymentPostprocessing = 0;
		};
/* End PBXResourcesBuildPhase section */

/* Begin PBXSourcesBuildPhase section */
		6308CD472BD26D7100B08643 /* Sources */ = {
			isa = PBXSourcesBuildPhase;
			buildActionMask = 2147483647;
			files = (
				6308CDA12BD3D71500B08643 /* CreateBookViewModel.swift in Sources */,
				6308CD8E2BD3A98F00B08643 /* BookListRowViewModel.swift in Sources */,
				63AF57AB2BD8FE500029082C /* DevelopingView.swift in Sources */,
				6308CD8B2BD3A95600B08643 /* BookListRow.swift in Sources */,
				6308CD882BD3A34A00B08643 /* BookService.swift in Sources */,
				6308CD7E2BD27B8100B08643 /* MeView.swift in Sources */,
				6308CDA32BD3D74000B08643 /* CreateBookView.swift in Sources */,
				6308CD832BD2937D00B08643 /* BookListView.swift in Sources */,
				6308CD512BD26D7100B08643 /* ContentView.swift in Sources */,
				6308CD7C2BD27B5200B08643 /* MainView.swift in Sources */,
				63EFFC182BDB3EB000833EAD /* DevelopingViewModel.swift in Sources */,
				6308CD982BD3CB0A00B08643 /* EditBookViewModel.swift in Sources */,
				6308CD802BD2901E00B08643 /* Book.swift in Sources */,
				6308CD852BD3A2C400B08643 /* BookListViewModel.swift in Sources */,
				6308CDAB2BD8C93700B08643 /* NetworkManager.swift in Sources */,
				6308CD4F2BD26D7100B08643 /* BookManagementSystemApp.swift in Sources */,
				6308CD952BD3C56300B08643 /* EditBookView.swift in Sources */,
			);
			runOnlyForDeploymentPostprocessing = 0;
		};
		6308CD572BD26D7400B08643 /* Sources */ = {
			isa = PBXSourcesBuildPhase;
			buildActionMask = 2147483647;
			files = (
				6308CD8F2BD3A98F00B08643 /* BookListRowViewModel.swift in Sources */,
				6308CD992BD3CB0A00B08643 /* EditBookViewModel.swift in Sources */,
				6308CD962BD3C56300B08643 /* EditBookView.swift in Sources */,
				6308CD602BD26D7400B08643 /* BookManagementSystemTests.swift in Sources */,
				6308CD862BD3A2C400B08643 /* BookListViewModel.swift in Sources */,
				6308CD892BD3A34A00B08643 /* BookService.swift in Sources */,
			);
			runOnlyForDeploymentPostprocessing = 0;
		};
		6308CD612BD26D7400B08643 /* Sources */ = {
			isa = PBXSourcesBuildPhase;
			buildActionMask = 2147483647;
			files = (
				6308CD6A2BD26D7400B08643 /* BookManagementSystemUITests.swift in Sources */,
				6308CD6C2BD26D7400B08643 /* BookManagementSystemUITestsLaunchTests.swift in Sources */,
			);
			runOnlyForDeploymentPostprocessing = 0;
		};
/* End PBXSourcesBuildPhase section */

/* Begin PBXTargetDependency section */
		6308CD5D2BD26D7400B08643 /* PBXTargetDependency */ = {
			isa = PBXTargetDependency;
			target = 6308CD4A2BD26D7100B08643 /* BookManagementSystem */;
			targetProxy = 6308CD5C2BD26D7400B08643 /* PBXContainerItemProxy */;
		};
		6308CD672BD26D7400B08643 /* PBXTargetDependency */ = {
			isa = PBXTargetDependency;
			target = 6308CD4A2BD26D7100B08643 /* BookManagementSystem */;
			targetProxy = 6308CD662BD26D7400B08643 /* PBXContainerItemProxy */;
		};
/* End PBXTargetDependency section */

/* Begin XCBuildConfiguration section */
		6308CD6D2BD26D7400B08643 /* Debug */ = {
			isa = XCBuildConfiguration;
			buildSettings = {
				ALWAYS_SEARCH_USER_PATHS = NO;
				ASSETCATALOG_COMPILER_GENERATE_SWIFT_ASSET_SYMBOL_EXTENSIONS = YES;
				CLANG_ANALYZER_NONNULL = YES;
				CLANG_ANALYZER_NUMBER_OBJECT_CONVERSION = YES_AGGRESSIVE;
				CLANG_CXX_LANGUAGE_STANDARD = "gnu++20";
				CLANG_ENABLE_MODULES = YES;
				CLANG_ENABLE_OBJC_ARC = YES;
				CLANG_ENABLE_OBJC_WEAK = YES;
				CLANG_WARN_BLOCK_CAPTURE_AUTORELEASING = YES;
				CLANG_WARN_BOOL_CONVERSION = YES;
				CLANG_WARN_COMMA = YES;
				CLANG_WARN_CONSTANT_CONVERSION = YES;
				CLANG_WARN_DEPRECATED_OBJC_IMPLEMENTATIONS = YES;
				CLANG_WARN_DIRECT_OBJC_ISA_USAGE = YES_ERROR;
				CLANG_WARN_DOCUMENTATION_COMMENTS = YES;
				CLANG_WARN_EMPTY_BODY = YES;
				CLANG_WARN_ENUM_CONVERSION = YES;
				CLANG_WARN_INFINITE_RECURSION = YES;
				CLANG_WARN_INT_CONVERSION = YES;
				CLANG_WARN_NON_LITERAL_NULL_CONVERSION = YES;
				CLANG_WARN_OBJC_IMPLICIT_RETAIN_SELF = YES;
				CLANG_WARN_OBJC_LITERAL_CONVERSION = YES;
				CLANG_WARN_OBJC_ROOT_CLASS = YES_ERROR;
				CLANG_WARN_QUOTED_INCLUDE_IN_FRAMEWORK_HEADER = YES;
				CLANG_WARN_RANGE_LOOP_ANALYSIS = YES;
				CLANG_WARN_STRICT_PROTOTYPES = YES;
				CLANG_WARN_SUSPICIOUS_MOVE = YES;
				CLANG_WARN_UNGUARDED_AVAILABILITY = YES_AGGRESSIVE;
				CLANG_WARN_UNREACHABLE_CODE = YES;
				CLANG_WARN__DUPLICATE_METHOD_MATCH = YES;
				COPY_PHASE_STRIP = NO;
				DEBUG_INFORMATION_FORMAT = dwarf;
				ENABLE_STRICT_OBJC_MSGSEND = YES;
				ENABLE_TESTABILITY = YES;
				ENABLE_USER_SCRIPT_SANDBOXING = YES;
				GCC_C_LANGUAGE_STANDARD = gnu17;
				GCC_DYNAMIC_NO_PIC = NO;
				GCC_NO_COMMON_BLOCKS = YES;
				GCC_OPTIMIZATION_LEVEL = 0;
				GCC_PREPROCESSOR_DEFINITIONS = (
					"DEBUG=1",
					"$(inherited)",
				);
				GCC_WARN_64_TO_32_BIT_CONVERSION = YES;
				GCC_WARN_ABOUT_RETURN_TYPE = YES_ERROR;
				GCC_WARN_UNDECLARED_SELECTOR = YES;
				GCC_WARN_UNINITIALIZED_AUTOS = YES_AGGRESSIVE;
				GCC_WARN_UNUSED_FUNCTION = YES;
				GCC_WARN_UNUSED_VARIABLE = YES;
				IPHONEOS_DEPLOYMENT_TARGET = 17.0;
				LOCALIZATION_PREFERS_STRING_CATALOGS = YES;
				MTL_ENABLE_DEBUG_INFO = INCLUDE_SOURCE;
				MTL_FAST_MATH = YES;
				ONLY_ACTIVE_ARCH = YES;
				SDKROOT = iphoneos;
				SWIFT_ACTIVE_COMPILATION_CONDITIONS = "DEBUG $(inherited)";
				SWIFT_OPTIMIZATION_LEVEL = "-Onone";
			};
			name = Debug;
		};
		6308CD6E2BD26D7400B08643 /* Release */ = {
			isa = XCBuildConfiguration;
			buildSettings = {
				ALWAYS_SEARCH_USER_PATHS = NO;
				ASSETCATALOG_COMPILER_GENERATE_SWIFT_ASSET_SYMBOL_EXTENSIONS = YES;
				CLANG_ANALYZER_NONNULL = YES;
				CLANG_ANALYZER_NUMBER_OBJECT_CONVERSION = YES_AGGRESSIVE;
				CLANG_CXX_LANGUAGE_STANDARD = "gnu++20";
				CLANG_ENABLE_MODULES = YES;
				CLANG_ENABLE_OBJC_ARC = YES;
				CLANG_ENABLE_OBJC_WEAK = YES;
				CLANG_WARN_BLOCK_CAPTURE_AUTORELEASING = YES;
				CLANG_WARN_BOOL_CONVERSION = YES;
				CLANG_WARN_COMMA = YES;
				CLANG_WARN_CONSTANT_CONVERSION = YES;
				CLANG_WARN_DEPRECATED_OBJC_IMPLEMENTATIONS = YES;
				CLANG_WARN_DIRECT_OBJC_ISA_USAGE = YES_ERROR;
				CLANG_WARN_DOCUMENTATION_COMMENTS = YES;
				CLANG_WARN_EMPTY_BODY = YES;
				CLANG_WARN_ENUM_CONVERSION = YES;
				CLANG_WARN_INFINITE_RECURSION = YES;
				CLANG_WARN_INT_CONVERSION = YES;
				CLANG_WARN_NON_LITERAL_NULL_CONVERSION = YES;
				CLANG_WARN_OBJC_IMPLICIT_RETAIN_SELF = YES;
				CLANG_WARN_OBJC_LITERAL_CONVERSION = YES;
				CLANG_WARN_OBJC_ROOT_CLASS = YES_ERROR;
				CLANG_WARN_QUOTED_INCLUDE_IN_FRAMEWORK_HEADER = YES;
				CLANG_WARN_RANGE_LOOP_ANALYSIS = YES;
				CLANG_WARN_STRICT_PROTOTYPES = YES;
				CLANG_WARN_SUSPICIOUS_MOVE = YES;
				CLANG_WARN_UNGUARDED_AVAILABILITY = YES_AGGRESSIVE;
				CLANG_WARN_UNREACHABLE_CODE = YES;
				CLANG_WARN__DUPLICATE_METHOD_MATCH = YES;
				COPY_PHASE_STRIP = NO;
				DEBUG_INFORMATION_FORMAT = "dwarf-with-dsym";
				ENABLE_NS_ASSERTIONS = NO;
				ENABLE_STRICT_OBJC_MSGSEND = YES;
				ENABLE_USER_SCRIPT_SANDBOXING = YES;
				GCC_C_LANGUAGE_STANDARD = gnu17;
				GCC_NO_COMMON_BLOCKS = YES;
				GCC_WARN_64_TO_32_BIT_CONVERSION = YES;
				GCC_WARN_ABOUT_RETURN_TYPE = YES_ERROR;
				GCC_WARN_UNDECLARED_SELECTOR = YES;
				GCC_WARN_UNINITIALIZED_AUTOS = YES_AGGRESSIVE;
				GCC_WARN_UNUSED_FUNCTION = YES;
				GCC_WARN_UNUSED_VARIABLE = YES;
				IPHONEOS_DEPLOYMENT_TARGET = 17.0;
				LOCALIZATION_PREFERS_STRING_CATALOGS = YES;
				MTL_ENABLE_DEBUG_INFO = NO;
				MTL_FAST_MATH = YES;
				SDKROOT = iphoneos;
				SWIFT_COMPILATION_MODE = wholemodule;
				VALIDATE_PRODUCT = YES;
			};
			name = Release;
		};
		6308CD702BD26D7400B08643 /* Debug */ = {
			isa = XCBuildConfiguration;
			buildSettings = {
				ASSETCATALOG_COMPILER_APPICON_NAME = AppIcon;
				ASSETCATALOG_COMPILER_GLOBAL_ACCENT_COLOR_NAME = AccentColor;
				CODE_SIGN_STYLE = Automatic;
				CURRENT_PROJECT_VERSION = 1;
				DEVELOPMENT_ASSET_PATHS = "\"BookManagementSystem/Preview Content\"";
				DEVELOPMENT_TEAM = QJ697G569M;
				ENABLE_PREVIEWS = YES;
				GENERATE_INFOPLIST_FILE = YES;
				INFOPLIST_KEY_UIApplicationSceneManifest_Generation = YES;
				INFOPLIST_KEY_UIApplicationSupportsIndirectInputEvents = YES;
				INFOPLIST_KEY_UILaunchScreen_Generation = YES;
				INFOPLIST_KEY_UISupportedInterfaceOrientations_iPad = "UIInterfaceOrientationPortrait UIInterfaceOrientationPortraitUpsideDown UIInterfaceOrientationLandscapeLeft UIInterfaceOrientationLandscapeRight";
				INFOPLIST_KEY_UISupportedInterfaceOrientations_iPhone = "UIInterfaceOrientationPortrait UIInterfaceOrientationLandscapeLeft UIInterfaceOrientationLandscapeRight";
				LD_RUNPATH_SEARCH_PATHS = (
					"$(inherited)",
					"@executable_path/Frameworks",
				);
				MARKETING_VERSION = 1.0;
				PRODUCT_BUNDLE_IDENTIFIER = "com.junjie-huang-ios.BookManagementSystem";
				PRODUCT_NAME = "$(TARGET_NAME)";
				SWIFT_EMIT_LOC_STRINGS = YES;
				SWIFT_VERSION = 5.0;
				TARGETED_DEVICE_FAMILY = "1,2";
			};
			name = Debug;
		};
		6308CD712BD26D7400B08643 /* Release */ = {
			isa = XCBuildConfiguration;
			buildSettings = {
				ASSETCATALOG_COMPILER_APPICON_NAME = AppIcon;
				ASSETCATALOG_COMPILER_GLOBAL_ACCENT_COLOR_NAME = AccentColor;
				CODE_SIGN_STYLE = Automatic;
				CURRENT_PROJECT_VERSION = 1;
				DEVELOPMENT_ASSET_PATHS = "\"BookManagementSystem/Preview Content\"";
				DEVELOPMENT_TEAM = QJ697G569M;
				ENABLE_PREVIEWS = YES;
				GENERATE_INFOPLIST_FILE = YES;
				INFOPLIST_KEY_UIApplicationSceneManifest_Generation = YES;
				INFOPLIST_KEY_UIApplicationSupportsIndirectInputEvents = YES;
				INFOPLIST_KEY_UILaunchScreen_Generation = YES;
				INFOPLIST_KEY_UISupportedInterfaceOrientations_iPad = "UIInterfaceOrientationPortrait UIInterfaceOrientationPortraitUpsideDown UIInterfaceOrientationLandscapeLeft UIInterfaceOrientationLandscapeRight";
				INFOPLIST_KEY_UISupportedInterfaceOrientations_iPhone = "UIInterfaceOrientationPortrait UIInterfaceOrientationLandscapeLeft UIInterfaceOrientationLandscapeRight";
				LD_RUNPATH_SEARCH_PATHS = (
					"$(inherited)",
					"@executable_path/Frameworks",
				);
				MARKETING_VERSION = 1.0;
				PRODUCT_BUNDLE_IDENTIFIER = "com.junjie-huang-ios.BookManagementSystem";
				PRODUCT_NAME = "$(TARGET_NAME)";
				SWIFT_EMIT_LOC_STRINGS = YES;
				SWIFT_VERSION = 5.0;
				TARGETED_DEVICE_FAMILY = "1,2";
			};
			name = Release;
		};
		6308CD732BD26D7400B08643 /* Debug */ = {
			isa = XCBuildConfiguration;
			buildSettings = {
				ALWAYS_EMBED_SWIFT_STANDARD_LIBRARIES = YES;
				BUNDLE_LOADER = "$(TEST_HOST)";
				CODE_SIGN_STYLE = Automatic;
				CURRENT_PROJECT_VERSION = 1;
				DEVELOPMENT_TEAM = QJ697G569M;
				GENERATE_INFOPLIST_FILE = YES;
				IPHONEOS_DEPLOYMENT_TARGET = 17.0;
				MARKETING_VERSION = 1.0;
				PRODUCT_BUNDLE_IDENTIFIER = "com.junjie-huang-ios.BookManagementSystemTests";
				PRODUCT_NAME = "$(TARGET_NAME)";
				SWIFT_EMIT_LOC_STRINGS = NO;
				SWIFT_VERSION = 5.0;
				TARGETED_DEVICE_FAMILY = "1,2";
				TEST_HOST = "$(BUILT_PRODUCTS_DIR)/BookManagementSystem.app/$(BUNDLE_EXECUTABLE_FOLDER_PATH)/BookManagementSystem";
			};
			name = Debug;
		};
		6308CD742BD26D7400B08643 /* Release */ = {
			isa = XCBuildConfiguration;
			buildSettings = {
				ALWAYS_EMBED_SWIFT_STANDARD_LIBRARIES = YES;
				BUNDLE_LOADER = "$(TEST_HOST)";
				CODE_SIGN_STYLE = Automatic;
				CURRENT_PROJECT_VERSION = 1;
				DEVELOPMENT_TEAM = QJ697G569M;
				GENERATE_INFOPLIST_FILE = YES;
				IPHONEOS_DEPLOYMENT_TARGET = 17.0;
				MARKETING_VERSION = 1.0;
				PRODUCT_BUNDLE_IDENTIFIER = "com.junjie-huang-ios.BookManagementSystemTests";
				PRODUCT_NAME = "$(TARGET_NAME)";
				SWIFT_EMIT_LOC_STRINGS = NO;
				SWIFT_VERSION = 5.0;
				TARGETED_DEVICE_FAMILY = "1,2";
				TEST_HOST = "$(BUILT_PRODUCTS_DIR)/BookManagementSystem.app/$(BUNDLE_EXECUTABLE_FOLDER_PATH)/BookManagementSystem";
			};
			name = Release;
		};
		6308CD762BD26D7400B08643 /* Debug */ = {
			isa = XCBuildConfiguration;
			buildSettings = {
				ALWAYS_EMBED_SWIFT_STANDARD_LIBRARIES = YES;
				CODE_SIGN_STYLE = Automatic;
				CURRENT_PROJECT_VERSION = 1;
				DEVELOPMENT_TEAM = QJ697G569M;
				GENERATE_INFOPLIST_FILE = YES;
				MARKETING_VERSION = 1.0;
				PRODUCT_BUNDLE_IDENTIFIER = "com.junjie-huang-ios.BookManagementSystemUITests";
				PRODUCT_NAME = "$(TARGET_NAME)";
				SWIFT_EMIT_LOC_STRINGS = NO;
				SWIFT_VERSION = 5.0;
				TARGETED_DEVICE_FAMILY = "1,2";
				TEST_TARGET_NAME = BookManagementSystem;
			};
			name = Debug;
		};
		6308CD772BD26D7400B08643 /* Release */ = {
			isa = XCBuildConfiguration;
			buildSettings = {
				ALWAYS_EMBED_SWIFT_STANDARD_LIBRARIES = YES;
				CODE_SIGN_STYLE = Automatic;
				CURRENT_PROJECT_VERSION = 1;
				DEVELOPMENT_TEAM = QJ697G569M;
				GENERATE_INFOPLIST_FILE = YES;
				MARKETING_VERSION = 1.0;
				PRODUCT_BUNDLE_IDENTIFIER = "com.junjie-huang-ios.BookManagementSystemUITests";
				PRODUCT_NAME = "$(TARGET_NAME)";
				SWIFT_EMIT_LOC_STRINGS = NO;
				SWIFT_VERSION = 5.0;
				TARGETED_DEVICE_FAMILY = "1,2";
				TEST_TARGET_NAME = BookManagementSystem;
			};
			name = Release;
		};
/* End XCBuildConfiguration section */

/* Begin XCConfigurationList section */
		6308CD462BD26D7100B08643 /* Build configuration list for PBXProject "BookManagementSystem" */ = {
			isa = XCConfigurationList;
			buildConfigurations = (
				6308CD6D2BD26D7400B08643 /* Debug */,
				6308CD6E2BD26D7400B08643 /* Release */,
			);
			defaultConfigurationIsVisible = 0;
			defaultConfigurationName = Release;
		};
		6308CD6F2BD26D7400B08643 /* Build configuration list for PBXNativeTarget "BookManagementSystem" */ = {
			isa = XCConfigurationList;
			buildConfigurations = (
				6308CD702BD26D7400B08643 /* Debug */,
				6308CD712BD26D7400B08643 /* Release */,
			);
			defaultConfigurationIsVisible = 0;
			defaultConfigurationName = Release;
		};
		6308CD722BD26D7400B08643 /* Build configuration list for PBXNativeTarget "BookManagementSystemTests" */ = {
			isa = XCConfigurationList;
			buildConfigurations = (
				6308CD732BD26D7400B08643 /* Debug */,
				6308CD742BD26D7400B08643 /* Release */,
			);
			defaultConfigurationIsVisible = 0;
			defaultConfigurationName = Release;
		};
		6308CD752BD26D7400B08643 /* Build configuration list for PBXNativeTarget "BookManagementSystemUITests" */ = {
			isa = XCConfigurationList;
			buildConfigurations = (
				6308CD762BD26D7400B08643 /* Debug */,
				6308CD772BD26D7400B08643 /* Release */,
			);
			defaultConfigurationIsVisible = 0;
			defaultConfigurationName = Release;
		};
/* End XCConfigurationList section */
	};
	rootObject = 6308CD432BD26D7100B08643 /* Project object */;
}
